<?xml version="1.0" encoding="utf-8"?>
<Project ToolsVersion="4.0" xmlns="http://schemas.microsoft.com/developer/msbuild/2003">
  <ItemGroup>
    <Filter Include="include">
      <UniqueIdentifier>{905d4c36-d691-4e22-a562-bf7342a55fe7}</UniqueIdentifier>
    </Filter>
    <Filter Include="src">
      <UniqueIdentifier>{24794f30-69aa-4e69-a8f3-be1534ce8dde}</UniqueIdentifier>
    </Filter>
    <Filter Include="resources">
      <UniqueIdentifier>{8b11fac4-8e1a-413f-9e52-3f76a37a1778}</UniqueIdentifier>
    </Filter>
  </ItemGroup>
  <ItemGroup>
    <Library Include="..\x64\Debug\lib.lib">
      <Filter>resources</Filter>
    </Library>
    <Library Include="..\x64\Debug\graph.lib">
      <Filter>resources</Filter>
    </Library>
  </ItemGroup>
  <ItemGroup>
    <ClInclude Include="..\..\include\DijkstraAlgorithm.h">
      <Filter>include</Filter>
    </ClInclude>
  </ItemGroup>
  <ItemGroup>
    <ClCompile Include="..\..\src\DijkstraAlgorithm.cpp">
      <Filter>src</Filter>
    </ClCompile>
    <ClCompile Include="..\..\sample\dijkstra.cpp" />
  </ItemGroup>
</Project>