<?xml version="1.0" encoding="utf-8"?>
<Project ToolsVersion="4.0" xmlns="http://schemas.microsoft.com/developer/msbuild/2003">
  <ItemGroup>
    <Filter Include="include">
      <UniqueIdentifier>{71cd92c8-f40e-4d92-b4aa-8275b491c009}</UniqueIdentifier>
    </Filter>
    <Filter Include="src">
      <UniqueIdentifier>{47aeddd3-6676-4692-b7a8-1b12b22f4d1f}</UniqueIdentifier>
    </Filter>
  </ItemGroup>
  <ItemGroup>
    <ClCompile Include="..\..\sample\tables.cpp" />
  </ItemGroup>
  <ItemGroup>
    <ClInclude Include="..\..\include\TBinaryTreeNode.h">
      <Filter>include</Filter>
    </ClInclude>
    <ClInclude Include="..\..\include\TBinaryTree.h">
      <Filter>include</Filter>
    </ClInclude>
    <ClInclude Include="..\..\include\TBinaryTreeIterator.h">
      <Filter>include</Filter>
    </ClInclude>
    <ClInclude Include="..\..\include\TAVLTree.h">
      <Filter>include</Filter>
    </ClInclude>
    <ClInclude Include="..\..\include\TAVLTreeNode.h">
      <Filter>include</Filter>
    </ClInclude>
    <ClInclude Include="..\..\include\TBaseTable.h">
      <Filter>include</Filter>
    </ClInclude>
    <ClInclude Include="..\..\include\TTableEntry.h">
      <Filter>include</Filter>
    </ClInclude>
    <ClInclude Include="..\..\include\TPair.h">
      <Filter>include</Filter>
    </ClInclude>
    <ClInclude Include="..\..\include\TArrayTable.h">
      <Filter>include</Filter>
    </ClInclude>
    <ClInclude Include="..\..\include\TOrderedTable.h">
      <Filter>include</Filter>
    </ClInclude>
    <ClInclude Include="..\..\include\EXCEPT.h">
      <Filter>include</Filter>
    </ClInclude>
    <ClInclude Include="..\..\include\TTreeTable.h">
      <Filter>include</Filter>
    </ClInclude>
    <ClInclude Include="..\..\include\TIterator.h">
      <Filter>include</Filter>
    </ClInclude>
    <ClInclude Include="..\..\include\THashTable.h">
      <Filter>include</Filter>
    </ClInclude>
    <ClInclude Include="..\..\include\TChain.h">
      <Filter>include</Filter>
    </ClInclude>
    <ClInclude Include="..\..\include\TChainNode.h">
      <Filter>include</Filter>
    </ClInclude>
  </ItemGroup>
</Project>